%{
  "bunt": {:hex, :bunt, "0.2.0", "951c6e801e8b1d2cbe58ebbd3e616a869061ddadcc4863d0a2182541acae9a38", [:mix], [], "hexpm", "7af5c7e09fe1d40f76c8e4f9dd2be7cebd83909f31fee7cd0e9eadc567da8353"},
  "connection": {:hex, :connection, "1.1.0", "ff2a49c4b75b6fb3e674bfc5536451607270aac754ffd1bdfe175abe4a6d7a68", [:mix], [], "hexpm", "722c1eb0a418fbe91ba7bd59a47e28008a189d47e37e0e7bb85585a016b2869c"},
  "cowboy": {:hex, :cowboy, "2.9.0", "865dd8b6607e14cf03282e10e934023a1bd8be6f6bacf921a7e2a96d800cd452", [:make, :rebar3], [{:cowlib, "2.11.0", [hex: :cowlib, repo: "hexpm", optional: false]}, {:ranch, "1.8.0", [hex: :ranch, repo: "hexpm", optional: false]}], "hexpm", "2c729f934b4e1aa149aff882f57c6372c15399a20d54f65c8d67bef583021bde"},
  "cowboy_telemetry": {:hex, :cowboy_telemetry, "0.4.0", "f239f68b588efa7707abce16a84d0d2acf3a0f50571f8bb7f56a15865aae820c", [:rebar3], [{:cowboy, "~> 2.7", [hex: :cowboy, repo: "hexpm", optional: false]}, {:telemetry, "~> 1.0", [hex: :telemetry, repo: "hexpm", optional: false]}], "hexpm", "7d98bac1ee4565d31b62d59f8823dfd8356a169e7fcbb83831b8a5397404c9de"},
  "cowlib": {:hex, :cowlib, "2.11.0", "0b9ff9c346629256c42ebe1eeb769a83c6cb771a6ee5960bd110ab0b9b872063", [:make, :rebar3], [], "hexpm", "2b3e9da0b21c4565751a6d4901c20d1b4cc25cbb7fd50d91d2ab6dd287bc86a9"},
  "credo": {:hex, :credo, "0.10.2", "03ad3a1eff79a16664ed42fc2975b5e5d0ce243d69318060c626c34720a49512", [:mix], [{:bunt, "~> 0.2.0", [hex: :bunt, repo: "hexpm", optional: false]}, {:jason, "~> 1.0", [hex: :jason, repo: "hexpm", optional: false]}], "hexpm", "539596b6774069260d5938aa73042a2f5157e1c0215aa35f5a53d83889546d14"},
  "db_connection": {:hex, :db_connection, "2.4.2", "f92e79aff2375299a16bcb069a14ee8615c3414863a6fef93156aee8e86c2ff3", [:mix], [{:connection, "~> 1.0", [hex: :connection, repo: "hexpm", optional: false]}, {:telemetry, "~> 0.4 or ~> 1.0", [hex: :telemetry, repo: "hexpm", optional: false]}], "hexpm", "4fe53ca91b99f55ea249693a0229356a08f4d1a7931d8ffa79289b145fe83668"},
  "decimal": {:hex, :decimal, "2.0.0", "a78296e617b0f5dd4c6caf57c714431347912ffb1d0842e998e9792b5642d697", [:mix], [], "hexpm", "34666e9c55dea81013e77d9d87370fe6cb6291d1ef32f46a1600230b1d44f577"},
  "elixir_mod_event": {:hex, :elixir_mod_event, "0.0.10", "750ee5fc800889ff2fe2ea6406f9066aa6db686d81d593b6d7d440887aafa8af", [:mix], [{:uuid, "~> 1.1.6", [hex: :uuid, repo: "hexpm", optional: false]}], "hexpm", "65b94a3988b6486b6d89e1ec9c88f64265bf138f20e1f724f663505f6cd3e3e5"},
  "elixml": {:hex, :elixml, "0.1.1", "8e787ec7f642b2d4d61d9eb4eb77a2ef69f3fcba5b3067d67ee4a85ca678d431", [:mix], [], "hexpm", "10802a1a02dbbc64fde4f2f55398d01306e75e73b6f6f15c63dd17e4affd96f3"},
  "env": {:hex, :env, "0.2.0", "d2faa336b1ce5a29815329de420962a69954e7cca43c925098071530631333db", [:mix], [], "hexpm", "f1e883acf23f3d504492a0a8fcef453325755cf774f446a38945b4bc1f6c7cf2"},
  "event_socket_outbound": {:hex, :event_socket_outbound, "0.4.0", "6604e297e12a8c2db236549cf64236a1d22c1a6a3f1ce92e3b7ea7deae3b110e", [:mix], [{:ranch, "~> 1.7", [hex: :ranch, repo: "hexpm", optional: false]}], "hexpm", "7d3a1a4b6b86499c2ce69b35fdcedbc02ac19812ee17ef6e14d7ba21e714b03c"},
  "ex_syslogger": {:hex, :ex_syslogger, "2.0.0", "de6de5c5472a9c4fdafb28fa6610e381ae79ebc17da6490b81d785d68bd124c9", [:mix], [{:jason, "~> 1.2", [hex: :jason, repo: "hexpm", optional: true]}, {:syslog, "~> 1.1.0", [hex: :syslog, repo: "hexpm", optional: false]}], "hexpm", "a52b2fe71764e9e6ecd149ab66635812f68e39279cbeee27c52c0e35e8b8019e"},
  "jason": {:hex, :jason, "1.3.0", "fa6b82a934feb176263ad2df0dbd91bf633d4a46ebfdffea0c8ae82953714946", [:mix], [{:decimal, "~> 1.0 or ~> 2.0", [hex: :decimal, repo: "hexpm", optional: true]}], "hexpm", "53fc1f51255390e0ec7e50f9cb41e751c260d065dcba2bf0d08dc51a4002c2ac"},
  "json": {:hex, :json, "1.4.1", "8648f04a9439765ad449bc56a3ff7d8b11dd44ff08ffcdefc4329f7c93843dfa", [:mix], [], "hexpm", "9abf218dbe4ea4fcb875e087d5f904ef263d012ee5ed21d46e9dbca63f053d16"},
  "mime": {:hex, :mime, "2.0.3", "3676436d3d1f7b81b5a2d2bd8405f412c677558c81b1c92be58c00562bb59095", [:mix], [], "hexpm", "27a30bf0db44d25eecba73755acf4068cbfe26a4372f9eb3e4ea3a45956bff6b"},
  "plug": {:hex, :plug, "1.13.6", "187beb6b67c6cec50503e940f0434ea4692b19384d47e5fdfd701e93cadb4cc2", [:mix], [{:mime, "~> 1.0 or ~> 2.0", [hex: :mime, repo: "hexpm", optional: false]}, {:plug_crypto, "~> 1.1.1 or ~> 1.2", [hex: :plug_crypto, repo: "hexpm", optional: false]}, {:telemetry, "~> 0.4.3 or ~> 1.0", [hex: :telemetry, repo: "hexpm", optional: false]}], "hexpm", "02b9c6b9955bce92c829f31d6284bf53c591ca63c4fb9ff81dfd0418667a34ff"},
  "plug_cowboy": {:hex, :plug_cowboy, "2.5.2", "62894ccd601cf9597e2c23911ff12798a8a18d237e9739f58a6b04e4988899fe", [:mix], [{:cowboy, "~> 2.7", [hex: :cowboy, repo: "hexpm", optional: false]}, {:cowboy_telemetry, "~> 0.3", [hex: :cowboy_telemetry, repo: "hexpm", optional: false]}, {:plug, "~> 1.7", [hex: :plug, repo: "hexpm", optional: false]}], "hexpm", "ea6e87f774c8608d60c8d34022a7d073bd7680a0a013f049fc62bf35efea1044"},
  "plug_crypto": {:hex, :plug_crypto, "1.2.2", "05654514ac717ff3a1843204b424477d9e60c143406aa94daf2274fdd280794d", [:mix], [], "hexpm", "87631c7ad914a5a445f0a3809f99b079113ae4ed4b867348dd9eec288cecb6db"},
  "poison": {:hex, :poison, "3.1.0", "d9eb636610e096f86f25d9a46f35a9facac35609a7591b3be3326e99a0484665", [:mix], [], "hexpm", "fec8660eb7733ee4117b85f55799fd3833eb769a6df71ccf8903e8dc5447cfce"},
  "postgrex": {:hex, :postgrex, "0.16.4", "26d998467b4a22252285e728a29d341e08403d084e44674784975bb1cd00d2cb", [:mix], [{:connection, "~> 1.1", [hex: :connection, repo: "hexpm", optional: false]}, {:db_connection, "~> 2.1", [hex: :db_connection, repo: "hexpm", optional: false]}, {:decimal, "~> 1.5 or ~> 2.0", [hex: :decimal, repo: "hexpm", optional: false]}, {:jason, "~> 1.0", [hex: :jason, repo: "hexpm", optional: true]}, {:table, "~> 0.1.0", [hex: :table, repo: "hexpm", optional: true]}], "hexpm", "3234d1a70cb7b1e0c95d2e242785ec2a7a94a092bbcef4472320b950cfd64c5f"},
  "ranch": {:hex, :ranch, "1.8.0", "8c7a100a139fd57f17327b6413e4167ac559fbc04ca7448e9be9057311597a1d", [:make, :rebar3], [], "hexpm", "49fbcfd3682fab1f5d109351b61257676da1a2fdbe295904176d5e521a2ddfe5"},
  "syslog": {:hex, :syslog, "1.1.0", "6419a232bea84f07b56dc575225007ffe34d9fdc91abe6f1b2f254fd71d8efc2", [:rebar3], [], "hexpm", "4c6a41373c7e20587be33ef841d3de6f3beba08519809329ecc4d27b15b659e1"},
  "telemetry": {:hex, :telemetry, "1.1.0", "a589817034a27eab11144ad24d5c0f9fab1f58173274b1e9bae7074af9cbee51", [:rebar3], [], "hexpm", "b727b2a1f75614774cff2d7565b64d0dfa5bd52ba517f16543e6fc7efcc0df48"},
  "uuid": {:hex, :uuid, "1.1.8", "e22fc04499de0de3ed1116b770c7737779f226ceefa0badb3592e64d5cfb4eb9", [:mix], [], "hexpm", "c790593b4c3b601f5dc2378baae7efaf5b3d73c4c6456ba85759905be792f2ac"},
  "xml_builder": {:hex, :xml_builder, "2.2.0", "cc5f1eeefcfcde6e90a9b77fb6c490a20bc1b856a7010ce6396f6da9719cbbab", [:mix], [], "hexpm", "9d66d52fb917565d358166a4314078d39ef04d552904de96f8e73f68f64a62c9"},
}
